
Microsoft Visual Studio Solution File, Format Version 12.00
# Visual Studio Version 17
VisualStudioVersion = 17.2.32526.322
MinimumVisualStudioVersion = 10.0.40219.1
Project("{2150E333-8FDC-42A3-9474-1A3956D46DE8}") = "Patterns", "Patterns", "{DDC83DAF-1065-4E91-B00C-59DEB6E94437}"
EndProject
Project("{2150E333-8FDC-42A3-9474-1A3956D46DE8}") = "Other", "Other", "{F054D7EC-1536-43B5-AC24-3C87F3D88FD2}"
EndProject
Project("{2150E333-8FDC-42A3-9474-1A3956D46DE8}") = "CQRS", "CQRS", "{F42180FA-6531-47C8-844B-240E285164F5}"
EndProject
Project("{2150E333-8FDC-42A3-9474-1A3956D46DE8}") = "Factory", "Factory", "{3B0A51E7-D9E4-42D5-A66E-54793D371C11}"
EndProject
Project("{2150E333-8FDC-42A3-9474-1A3956D46DE8}") = "Questions", "Questions", "{07C4323B-B33B-4C40-9BCF-3B4E8DA4392C}"
	ProjectSection(SolutionItems) = preProject
		Database.txt = Database.txt
	EndProjectSection
EndProject
Project("{2150E333-8FDC-42A3-9474-1A3956D46DE8}") = "AccessModifiers", "AccessModifiers", "{23CC7B3A-9937-4497-93C8-DB587C443BBF}"
EndProject
Project("{2150E333-8FDC-42A3-9474-1A3956D46DE8}") = "Delegates", "Delegates", "{FB3D642C-3B15-4349-BDF5-7ED714035881}"
EndProject
Project("{2150E333-8FDC-42A3-9474-1A3956D46DE8}") = "Events", "Events", "{12717E6C-DAE1-47BF-906A-C6CD1678844B}"
EndProject
Project("{2150E333-8FDC-42A3-9474-1A3956D46DE8}") = "Generics", "Generics", "{F950B62C-AB8F-4A2D-9279-5D335950317F}"
EndProject
Project("{2150E333-8FDC-42A3-9474-1A3956D46DE8}") = "Abstract", "Abstract", "{144A8E0D-2D8E-4276-B6B1-5550930CD05E}"
EndProject
Project("{2150E333-8FDC-42A3-9474-1A3956D46DE8}") = "Interfaces", "Interfaces", "{CBDF2FB2-72D7-4BC8-95BA-1C532EEF01EC}"
EndProject
Project("{2150E333-8FDC-42A3-9474-1A3956D46DE8}") = "Static", "Static", "{B7DE1EE0-065A-4EB7-BE96-AE40951F706F}"
EndProject
Project("{2150E333-8FDC-42A3-9474-1A3956D46DE8}") = "Types", "Types", "{3CD06CFA-8AA8-4DF3-AFCF-ACDD50A68FE5}"
	ProjectSection(SolutionItems) = preProject
		Information.txt = Information.txt
	EndProjectSection
EndProject
Project("{2150E333-8FDC-42A3-9474-1A3956D46DE8}") = "Records", "Records", "{0BEBCB10-7824-4205-ABA6-DFE954808F4D}"
EndProject
Project("{2150E333-8FDC-42A3-9474-1A3956D46DE8}") = "Principles", "Principles", "{72FEB291-60A1-46A9-AFF2-DC22D5AB9C9B}"
	ProjectSection(SolutionItems) = preProject
		DRY.txt = DRY.txt
		FOUR PILLARS.txt = FOUR PILLARS.txt
		KISS.txt = KISS.txt
		SOLID.txt = SOLID.txt
		USEFUL.txt = USEFUL.txt
		YAGNI.txt = YAGNI.txt
	EndProjectSection
EndProject
Project("{9A19103F-16F7-4668-BE54-9A1E7A4F7556}") = "Abstract", "Abstract\Abstract.csproj", "{4BD9F80D-72D0-4B1C-91C5-0237FF665C8B}"
EndProject
Project("{9A19103F-16F7-4668-BE54-9A1E7A4F7556}") = "Records", "Records\Records.csproj", "{8C40B07A-A40B-4D85-8692-E400AE5C9E7D}"
EndProject
Project("{9A19103F-16F7-4668-BE54-9A1E7A4F7556}") = "Static", "Static\Static.csproj", "{C438AAE7-F4E6-41A6-ADA9-36334AB029EB}"
EndProject
Project("{9A19103F-16F7-4668-BE54-9A1E7A4F7556}") = "Types", "ValueAndReferenceTypes\Types.csproj", "{EE4A4F8E-1D37-4985-8D3C-3F050381F28C}"
EndProject
Project("{9A19103F-16F7-4668-BE54-9A1E7A4F7556}") = "Interfaces", "Interfaces\Interfaces.csproj", "{0D88D8D0-BEBC-460E-8D1D-6CA8F0D9839B}"
EndProject
Project("{9A19103F-16F7-4668-BE54-9A1E7A4F7556}") = "AccessModifiers", "AccessModifiers\AccessModifiers.csproj", "{2FA21A80-0385-4EB0-9EB6-174EB1983AC4}"
EndProject
Project("{2150E333-8FDC-42A3-9474-1A3956D46DE8}") = "ProjectExamples", "ProjectExamples", "{617A2A2B-50B0-4132-83CE-6A13F4DAF384}"
EndProject
Project("{2150E333-8FDC-42A3-9474-1A3956D46DE8}") = "API", "API", "{4B3F035E-FFE8-417E-83E6-E718C0E0B024}"
EndProject
Project("{2150E333-8FDC-42A3-9474-1A3956D46DE8}") = "Job", "Job", "{6716CA09-EC6B-4DDD-A01D-FC7A51E7EA6E}"
EndProject
Project("{2150E333-8FDC-42A3-9474-1A3956D46DE8}") = "APIconsumer", "APIconsumer", "{9F5C1676-0832-4259-8BAE-58307BD00978}"
EndProject
Project("{2150E333-8FDC-42A3-9474-1A3956D46DE8}") = "Exceptions", "Exceptions", "{E4E69F7B-9702-49B6-BE7B-81F028CB2004}"
EndProject
Project("{2150E333-8FDC-42A3-9474-1A3956D46DE8}") = "Extensions", "Extensions", "{8C3724A3-F25C-4CE1-84CB-7AAAE7BF9911}"
EndProject
Project("{2150E333-8FDC-42A3-9474-1A3956D46DE8}") = "Yield", "Yield", "{B430C58D-331F-4846-BB92-9BB4BD2CC8CD}"
EndProject
Project("{2150E333-8FDC-42A3-9474-1A3956D46DE8}") = "Get Set", "Get Set", "{CF243FDF-3400-480A-8943-B3D2E29BED37}"
EndProject
Project("{2150E333-8FDC-42A3-9474-1A3956D46DE8}") = "Concurrency", "Concurrency", "{E07111CD-3438-41F6-A408-ED0CC90054A0}"
EndProject
Project("{2150E333-8FDC-42A3-9474-1A3956D46DE8}") = "Error handling", "Error handling", "{C1210073-4B44-4E29-87E1-7FB52657376E}"
EndProject
Project("{2150E333-8FDC-42A3-9474-1A3956D46DE8}") = "Tests", "Tests", "{D92098A0-1E95-45BA-B8A1-3D18CA29C526}"
EndProject
Project("{2150E333-8FDC-42A3-9474-1A3956D46DE8}") = "Validation", "Validation", "{D68EF9E0-8DB3-4E15-B7ED-8BBA6702B99D}"
EndProject
Project("{2150E333-8FDC-42A3-9474-1A3956D46DE8}") = "Collections", "Collections", "{92941DD0-0034-480E-94AB-CC867B525650}"
EndProject
Project("{2150E333-8FDC-42A3-9474-1A3956D46DE8}") = "GarbageCollector", "GarbageCollector", "{86A9F798-1B2E-4513-8F9C-FF2E3811761A}"
	ProjectSection(SolutionItems) = preProject
		Thoughts.txt = Thoughts.txt
	EndProjectSection
EndProject
Project("{2150E333-8FDC-42A3-9474-1A3956D46DE8}") = "Parsing", "Parsing", "{8BEFEB68-99C9-41FA-AFE6-0D44876DED52}"
EndProject
Project("{2150E333-8FDC-42A3-9474-1A3956D46DE8}") = "DateAndTime", "DateAndTime", "{C17832D1-82D7-4122-9442-53556E956C99}"
EndProject
Project("{2150E333-8FDC-42A3-9474-1A3956D46DE8}") = "Lambda", "Lambda", "{4EB71FDF-BB70-483C-A383-FA09BAD99079}"
EndProject
Project("{2150E333-8FDC-42A3-9474-1A3956D46DE8}") = "Reflection", "Reflection", "{50431593-3BFE-4BEF-A15F-6A237C5301CD}"
EndProject
Project("{2150E333-8FDC-42A3-9474-1A3956D46DE8}") = "Serialization", "Serialization", "{9E6326AA-66EB-441B-8415-D455B633D059}"
EndProject
Project("{2150E333-8FDC-42A3-9474-1A3956D46DE8}") = "JSON", "JSON", "{13322428-967A-4ED1-BF07-4AA8BAA58EA8}"
EndProject
Project("{2150E333-8FDC-42A3-9474-1A3956D46DE8}") = "XML", "XML", "{BA8084CF-DA31-4A1D-8C0F-E6764F81295E}"
EndProject
Project("{2150E333-8FDC-42A3-9474-1A3956D46DE8}") = "Streams", "Streams", "{B18AD858-CBB2-40E1-8958-DC6F0341332A}"
EndProject
Project("{2150E333-8FDC-42A3-9474-1A3956D46DE8}") = "LINQ", "LINQ", "{B4AC9CDE-CBD4-43FE-998E-0FD8A6D80864}"
EndProject
Project("{2150E333-8FDC-42A3-9474-1A3956D46DE8}") = "Queries", "Queries", "{89671683-25E9-45EB-820C-EBFFFAAB008F}"
EndProject
Project("{2150E333-8FDC-42A3-9474-1A3956D46DE8}") = "EntityFramework", "EntityFramework", "{670EBE9F-CB5E-46E7-A602-F65A40672BDC}"
EndProject
Project("{2150E333-8FDC-42A3-9474-1A3956D46DE8}") = "ValueObject", "ValueObject", "{64BCDFEB-4F2B-41DA-93BB-508EF51915D7}"
EndProject
Project("{2150E333-8FDC-42A3-9474-1A3956D46DE8}") = "Integration tests", "Integration tests", "{E9113588-748D-4C47-AD8E-8489BD0BD342}"
EndProject
Project("{2150E333-8FDC-42A3-9474-1A3956D46DE8}") = "Unit tests", "Unit tests", "{0CE55398-E9E7-474E-8247-B819C9531E68}"
EndProject
Project("{2150E333-8FDC-42A3-9474-1A3956D46DE8}") = "HttpClientClass", "HttpClientClass", "{29D27000-E729-43C3-A590-BA63FF86BC94}"
EndProject
Project("{9A19103F-16F7-4668-BE54-9A1E7A4F7556}") = "Delegates", "Delegates\Delegates.csproj", "{C3880799-9AB4-4FE7-A70F-15C76851B10C}"
EndProject
Project("{9A19103F-16F7-4668-BE54-9A1E7A4F7556}") = "Concurrency", "Concurrency\Concurrency.csproj", "{4F1DA5B5-B4AF-4FB5-89E1-50BA25BA6ECB}"
EndProject
Global
	GlobalSection(SolutionConfigurationPlatforms) = preSolution
		Debug|Any CPU = Debug|Any CPU
		Release|Any CPU = Release|Any CPU
	EndGlobalSection
	GlobalSection(ProjectConfigurationPlatforms) = postSolution
		{4BD9F80D-72D0-4B1C-91C5-0237FF665C8B}.Debug|Any CPU.ActiveCfg = Debug|Any CPU
		{4BD9F80D-72D0-4B1C-91C5-0237FF665C8B}.Debug|Any CPU.Build.0 = Debug|Any CPU
		{4BD9F80D-72D0-4B1C-91C5-0237FF665C8B}.Release|Any CPU.ActiveCfg = Release|Any CPU
		{4BD9F80D-72D0-4B1C-91C5-0237FF665C8B}.Release|Any CPU.Build.0 = Release|Any CPU
		{8C40B07A-A40B-4D85-8692-E400AE5C9E7D}.Debug|Any CPU.ActiveCfg = Debug|Any CPU
		{8C40B07A-A40B-4D85-8692-E400AE5C9E7D}.Debug|Any CPU.Build.0 = Debug|Any CPU
		{8C40B07A-A40B-4D85-8692-E400AE5C9E7D}.Release|Any CPU.ActiveCfg = Release|Any CPU
		{8C40B07A-A40B-4D85-8692-E400AE5C9E7D}.Release|Any CPU.Build.0 = Release|Any CPU
		{C438AAE7-F4E6-41A6-ADA9-36334AB029EB}.Debug|Any CPU.ActiveCfg = Debug|Any CPU
		{C438AAE7-F4E6-41A6-ADA9-36334AB029EB}.Debug|Any CPU.Build.0 = Debug|Any CPU
		{C438AAE7-F4E6-41A6-ADA9-36334AB029EB}.Release|Any CPU.ActiveCfg = Release|Any CPU
		{C438AAE7-F4E6-41A6-ADA9-36334AB029EB}.Release|Any CPU.Build.0 = Release|Any CPU
		{EE4A4F8E-1D37-4985-8D3C-3F050381F28C}.Debug|Any CPU.ActiveCfg = Debug|Any CPU
		{EE4A4F8E-1D37-4985-8D3C-3F050381F28C}.Debug|Any CPU.Build.0 = Debug|Any CPU
		{EE4A4F8E-1D37-4985-8D3C-3F050381F28C}.Release|Any CPU.ActiveCfg = Release|Any CPU
		{EE4A4F8E-1D37-4985-8D3C-3F050381F28C}.Release|Any CPU.Build.0 = Release|Any CPU
		{0D88D8D0-BEBC-460E-8D1D-6CA8F0D9839B}.Debug|Any CPU.ActiveCfg = Debug|Any CPU
		{0D88D8D0-BEBC-460E-8D1D-6CA8F0D9839B}.Debug|Any CPU.Build.0 = Debug|Any CPU
		{0D88D8D0-BEBC-460E-8D1D-6CA8F0D9839B}.Release|Any CPU.ActiveCfg = Release|Any CPU
		{0D88D8D0-BEBC-460E-8D1D-6CA8F0D9839B}.Release|Any CPU.Build.0 = Release|Any CPU
		{2FA21A80-0385-4EB0-9EB6-174EB1983AC4}.Debug|Any CPU.ActiveCfg = Debug|Any CPU
		{2FA21A80-0385-4EB0-9EB6-174EB1983AC4}.Debug|Any CPU.Build.0 = Debug|Any CPU
		{2FA21A80-0385-4EB0-9EB6-174EB1983AC4}.Release|Any CPU.ActiveCfg = Release|Any CPU
		{2FA21A80-0385-4EB0-9EB6-174EB1983AC4}.Release|Any CPU.Build.0 = Release|Any CPU
		{C3880799-9AB4-4FE7-A70F-15C76851B10C}.Debug|Any CPU.ActiveCfg = Debug|Any CPU
		{C3880799-9AB4-4FE7-A70F-15C76851B10C}.Debug|Any CPU.Build.0 = Debug|Any CPU
		{C3880799-9AB4-4FE7-A70F-15C76851B10C}.Release|Any CPU.ActiveCfg = Release|Any CPU
		{C3880799-9AB4-4FE7-A70F-15C76851B10C}.Release|Any CPU.Build.0 = Release|Any CPU
		{4F1DA5B5-B4AF-4FB5-89E1-50BA25BA6ECB}.Debug|Any CPU.ActiveCfg = Debug|Any CPU
		{4F1DA5B5-B4AF-4FB5-89E1-50BA25BA6ECB}.Debug|Any CPU.Build.0 = Debug|Any CPU
		{4F1DA5B5-B4AF-4FB5-89E1-50BA25BA6ECB}.Release|Any CPU.ActiveCfg = Release|Any CPU
		{4F1DA5B5-B4AF-4FB5-89E1-50BA25BA6ECB}.Release|Any CPU.Build.0 = Release|Any CPU
	EndGlobalSection
	GlobalSection(SolutionProperties) = preSolution
		HideSolutionNode = FALSE
	EndGlobalSection
	GlobalSection(NestedProjects) = preSolution
		{F42180FA-6531-47C8-844B-240E285164F5} = {DDC83DAF-1065-4E91-B00C-59DEB6E94437}
		{3B0A51E7-D9E4-42D5-A66E-54793D371C11} = {DDC83DAF-1065-4E91-B00C-59DEB6E94437}
		{23CC7B3A-9937-4497-93C8-DB587C443BBF} = {F054D7EC-1536-43B5-AC24-3C87F3D88FD2}
		{FB3D642C-3B15-4349-BDF5-7ED714035881} = {F054D7EC-1536-43B5-AC24-3C87F3D88FD2}
		{12717E6C-DAE1-47BF-906A-C6CD1678844B} = {F054D7EC-1536-43B5-AC24-3C87F3D88FD2}
		{F950B62C-AB8F-4A2D-9279-5D335950317F} = {F054D7EC-1536-43B5-AC24-3C87F3D88FD2}
		{144A8E0D-2D8E-4276-B6B1-5550930CD05E} = {F054D7EC-1536-43B5-AC24-3C87F3D88FD2}
		{CBDF2FB2-72D7-4BC8-95BA-1C532EEF01EC} = {F054D7EC-1536-43B5-AC24-3C87F3D88FD2}
		{B7DE1EE0-065A-4EB7-BE96-AE40951F706F} = {F054D7EC-1536-43B5-AC24-3C87F3D88FD2}
		{3CD06CFA-8AA8-4DF3-AFCF-ACDD50A68FE5} = {F054D7EC-1536-43B5-AC24-3C87F3D88FD2}
		{0BEBCB10-7824-4205-ABA6-DFE954808F4D} = {F054D7EC-1536-43B5-AC24-3C87F3D88FD2}
		{4BD9F80D-72D0-4B1C-91C5-0237FF665C8B} = {144A8E0D-2D8E-4276-B6B1-5550930CD05E}
		{8C40B07A-A40B-4D85-8692-E400AE5C9E7D} = {0BEBCB10-7824-4205-ABA6-DFE954808F4D}
		{C438AAE7-F4E6-41A6-ADA9-36334AB029EB} = {B7DE1EE0-065A-4EB7-BE96-AE40951F706F}
		{EE4A4F8E-1D37-4985-8D3C-3F050381F28C} = {3CD06CFA-8AA8-4DF3-AFCF-ACDD50A68FE5}
		{0D88D8D0-BEBC-460E-8D1D-6CA8F0D9839B} = {CBDF2FB2-72D7-4BC8-95BA-1C532EEF01EC}
		{2FA21A80-0385-4EB0-9EB6-174EB1983AC4} = {23CC7B3A-9937-4497-93C8-DB587C443BBF}
		{4B3F035E-FFE8-417E-83E6-E718C0E0B024} = {617A2A2B-50B0-4132-83CE-6A13F4DAF384}
		{6716CA09-EC6B-4DDD-A01D-FC7A51E7EA6E} = {617A2A2B-50B0-4132-83CE-6A13F4DAF384}
		{9F5C1676-0832-4259-8BAE-58307BD00978} = {617A2A2B-50B0-4132-83CE-6A13F4DAF384}
		{E4E69F7B-9702-49B6-BE7B-81F028CB2004} = {F054D7EC-1536-43B5-AC24-3C87F3D88FD2}
		{8C3724A3-F25C-4CE1-84CB-7AAAE7BF9911} = {F054D7EC-1536-43B5-AC24-3C87F3D88FD2}
		{B430C58D-331F-4846-BB92-9BB4BD2CC8CD} = {F054D7EC-1536-43B5-AC24-3C87F3D88FD2}
		{CF243FDF-3400-480A-8943-B3D2E29BED37} = {F054D7EC-1536-43B5-AC24-3C87F3D88FD2}
		{E07111CD-3438-41F6-A408-ED0CC90054A0} = {F054D7EC-1536-43B5-AC24-3C87F3D88FD2}
		{C1210073-4B44-4E29-87E1-7FB52657376E} = {E4E69F7B-9702-49B6-BE7B-81F028CB2004}
		{D92098A0-1E95-45BA-B8A1-3D18CA29C526} = {F054D7EC-1536-43B5-AC24-3C87F3D88FD2}
		{D68EF9E0-8DB3-4E15-B7ED-8BBA6702B99D} = {F054D7EC-1536-43B5-AC24-3C87F3D88FD2}
		{92941DD0-0034-480E-94AB-CC867B525650} = {F054D7EC-1536-43B5-AC24-3C87F3D88FD2}
		{86A9F798-1B2E-4513-8F9C-FF2E3811761A} = {F054D7EC-1536-43B5-AC24-3C87F3D88FD2}
		{8BEFEB68-99C9-41FA-AFE6-0D44876DED52} = {F054D7EC-1536-43B5-AC24-3C87F3D88FD2}
		{C17832D1-82D7-4122-9442-53556E956C99} = {F054D7EC-1536-43B5-AC24-3C87F3D88FD2}
		{4EB71FDF-BB70-483C-A383-FA09BAD99079} = {F054D7EC-1536-43B5-AC24-3C87F3D88FD2}
		{50431593-3BFE-4BEF-A15F-6A237C5301CD} = {F054D7EC-1536-43B5-AC24-3C87F3D88FD2}
		{9E6326AA-66EB-441B-8415-D455B633D059} = {F054D7EC-1536-43B5-AC24-3C87F3D88FD2}
		{13322428-967A-4ED1-BF07-4AA8BAA58EA8} = {9E6326AA-66EB-441B-8415-D455B633D059}
		{BA8084CF-DA31-4A1D-8C0F-E6764F81295E} = {9E6326AA-66EB-441B-8415-D455B633D059}
		{B18AD858-CBB2-40E1-8958-DC6F0341332A} = {F054D7EC-1536-43B5-AC24-3C87F3D88FD2}
		{B4AC9CDE-CBD4-43FE-998E-0FD8A6D80864} = {F054D7EC-1536-43B5-AC24-3C87F3D88FD2}
		{89671683-25E9-45EB-820C-EBFFFAAB008F} = {B4AC9CDE-CBD4-43FE-998E-0FD8A6D80864}
		{670EBE9F-CB5E-46E7-A602-F65A40672BDC} = {B4AC9CDE-CBD4-43FE-998E-0FD8A6D80864}
		{64BCDFEB-4F2B-41DA-93BB-508EF51915D7} = {DDC83DAF-1065-4E91-B00C-59DEB6E94437}
		{C3880799-9AB4-4FE7-A70F-15C76851B10C} = {FB3D642C-3B15-4349-BDF5-7ED714035881}
		{4F1DA5B5-B4AF-4FB5-89E1-50BA25BA6ECB} = {E07111CD-3438-41F6-A408-ED0CC90054A0}
	EndGlobalSection
	GlobalSection(ExtensibilityGlobals) = postSolution
		SolutionGuid = {C120AA94-3CD6-4021-A0FC-56814CD3488D}
	EndGlobalSection
EndGlobal
