
Microsoft Visual Studio Solution File, Format Version 12.00
# Visual Studio Version 17
VisualStudioVersion = 17.2.32526.322
MinimumVisualStudioVersion = 10.0.40219.1
Project("{2150E333-8FDC-42A3-9474-1A3956D46DE8}") = "Patterns", "Patterns", "{DDC83DAF-1065-4E91-B00C-59DEB6E94437}"
EndProject
Project("{2150E333-8FDC-42A3-9474-1A3956D46DE8}") = "Other", "Other", "{F054D7EC-1536-43B5-AC24-3C87F3D88FD2}"
EndProject
Project("{2150E333-8FDC-42A3-9474-1A3956D46DE8}") = "CQRS", "CQRS", "{F42180FA-6531-47C8-844B-240E285164F5}"
EndProject
Project("{2150E333-8FDC-42A3-9474-1A3956D46DE8}") = "Factory", "Factory", "{3B0A51E7-D9E4-42D5-A66E-54793D371C11}"
EndProject
Project("{2150E333-8FDC-42A3-9474-1A3956D46DE8}") = "Questions", "Questions", "{07C4323B-B33B-4C40-9BCF-3B4E8DA4392C}"
	ProjectSection(SolutionItems) = preProject
		Database.txt = Database.txt
	EndProjectSection
EndProject
Project("{2150E333-8FDC-42A3-9474-1A3956D46DE8}") = "AccessModifiers", "AccessModifiers", "{23CC7B3A-9937-4497-93C8-DB587C443BBF}"
EndProject
Project("{2150E333-8FDC-42A3-9474-1A3956D46DE8}") = "Delegates", "Delegates", "{FB3D642C-3B15-4349-BDF5-7ED714035881}"
EndProject
Project("{2150E333-8FDC-42A3-9474-1A3956D46DE8}") = "Events", "Events", "{12717E6C-DAE1-47BF-906A-C6CD1678844B}"
EndProject
Project("{2150E333-8FDC-42A3-9474-1A3956D46DE8}") = "Generics", "Generics", "{F950B62C-AB8F-4A2D-9279-5D335950317F}"
EndProject
Project("{2150E333-8FDC-42A3-9474-1A3956D46DE8}") = "Abstract", "Abstract", "{144A8E0D-2D8E-4276-B6B1-5550930CD05E}"
EndProject
Project("{2150E333-8FDC-42A3-9474-1A3956D46DE8}") = "Interfaces", "Interfaces", "{CBDF2FB2-72D7-4BC8-95BA-1C532EEF01EC}"
EndProject
Project("{2150E333-8FDC-42A3-9474-1A3956D46DE8}") = "Static", "Static", "{B7DE1EE0-065A-4EB7-BE96-AE40951F706F}"
EndProject
Project("{2150E333-8FDC-42A3-9474-1A3956D46DE8}") = "VariableTypes", "VariableTypes", "{3CD06CFA-8AA8-4DF3-AFCF-ACDD50A68FE5}"
EndProject
Project("{2150E333-8FDC-42A3-9474-1A3956D46DE8}") = "Records", "Records", "{0BEBCB10-7824-4205-ABA6-DFE954808F4D}"
EndProject
Project("{2150E333-8FDC-42A3-9474-1A3956D46DE8}") = "Principles", "Principles", "{72FEB291-60A1-46A9-AFF2-DC22D5AB9C9B}"
	ProjectSection(SolutionItems) = preProject
		DRY.txt = DRY.txt
		KISS.txt = KISS.txt
		SOLID.txt = SOLID.txt
	EndProjectSection
EndProject
Project("{FAE04EC0-301F-11D3-BF4B-00C04F79EFBC}") = "Abstract", "Abstract\Abstract.csproj", "{4BD9F80D-72D0-4B1C-91C5-0237FF665C8B}"
EndProject
Global
	GlobalSection(SolutionConfigurationPlatforms) = preSolution
		Debug|Any CPU = Debug|Any CPU
		Release|Any CPU = Release|Any CPU
	EndGlobalSection
	GlobalSection(ProjectConfigurationPlatforms) = postSolution
		{4BD9F80D-72D0-4B1C-91C5-0237FF665C8B}.Debug|Any CPU.ActiveCfg = Debug|Any CPU
		{4BD9F80D-72D0-4B1C-91C5-0237FF665C8B}.Debug|Any CPU.Build.0 = Debug|Any CPU
		{4BD9F80D-72D0-4B1C-91C5-0237FF665C8B}.Release|Any CPU.ActiveCfg = Release|Any CPU
		{4BD9F80D-72D0-4B1C-91C5-0237FF665C8B}.Release|Any CPU.Build.0 = Release|Any CPU
	EndGlobalSection
	GlobalSection(SolutionProperties) = preSolution
		HideSolutionNode = FALSE
	EndGlobalSection
	GlobalSection(NestedProjects) = preSolution
		{F42180FA-6531-47C8-844B-240E285164F5} = {DDC83DAF-1065-4E91-B00C-59DEB6E94437}
		{3B0A51E7-D9E4-42D5-A66E-54793D371C11} = {DDC83DAF-1065-4E91-B00C-59DEB6E94437}
		{23CC7B3A-9937-4497-93C8-DB587C443BBF} = {F054D7EC-1536-43B5-AC24-3C87F3D88FD2}
		{FB3D642C-3B15-4349-BDF5-7ED714035881} = {F054D7EC-1536-43B5-AC24-3C87F3D88FD2}
		{12717E6C-DAE1-47BF-906A-C6CD1678844B} = {F054D7EC-1536-43B5-AC24-3C87F3D88FD2}
		{F950B62C-AB8F-4A2D-9279-5D335950317F} = {F054D7EC-1536-43B5-AC24-3C87F3D88FD2}
		{144A8E0D-2D8E-4276-B6B1-5550930CD05E} = {F054D7EC-1536-43B5-AC24-3C87F3D88FD2}
		{CBDF2FB2-72D7-4BC8-95BA-1C532EEF01EC} = {F054D7EC-1536-43B5-AC24-3C87F3D88FD2}
		{B7DE1EE0-065A-4EB7-BE96-AE40951F706F} = {F054D7EC-1536-43B5-AC24-3C87F3D88FD2}
		{3CD06CFA-8AA8-4DF3-AFCF-ACDD50A68FE5} = {F054D7EC-1536-43B5-AC24-3C87F3D88FD2}
		{0BEBCB10-7824-4205-ABA6-DFE954808F4D} = {F054D7EC-1536-43B5-AC24-3C87F3D88FD2}
		{4BD9F80D-72D0-4B1C-91C5-0237FF665C8B} = {144A8E0D-2D8E-4276-B6B1-5550930CD05E}
	EndGlobalSection
	GlobalSection(ExtensibilityGlobals) = postSolution
		SolutionGuid = {C120AA94-3CD6-4021-A0FC-56814CD3488D}
	EndGlobalSection
EndGlobal
